
Microsoft Visual Studio Solution File, Format Version 12.00
# Visual Studio Version 16
VisualStudioVersion = 16.0.31702.278
MinimumVisualStudioVersion = 10.0.40219.1
Project("{9A19103F-16F7-4668-BE54-9A1E7A4F7556}") = "Aircompany.Tests", "Aircompany.Tests\Aircompany.Tests.csproj", "{6604319D-1FA2-4A9E-89F1-B33442B24994}"
EndProject
Project("{9A19103F-16F7-4668-BE54-9A1E7A4F7556}") = "Aircompany", "Aircompany\Aircompany.csproj", "{505A46B3-146C-48D1-9394-DF2097394A05}"
EndProject
Global
	GlobalSection(SolutionConfigurationPlatforms) = preSolution
		Debug|Any CPU = Debug|Any CPU
		Release|Any CPU = Release|Any CPU
	EndGlobalSection
	GlobalSection(ProjectConfigurationPlatforms) = postSolution
		{6604319D-1FA2-4A9E-89F1-B33442B24994}.Debug|Any CPU.ActiveCfg = Debug|Any CPU
		{6604319D-1FA2-4A9E-89F1-B33442B24994}.Debug|Any CPU.Build.0 = Debug|Any CPU
		{6604319D-1FA2-4A9E-89F1-B33442B24994}.Release|Any CPU.ActiveCfg = Release|Any CPU
		{6604319D-1FA2-4A9E-89F1-B33442B24994}.Release|Any CPU.Build.0 = Release|Any CPU
		{505A46B3-146C-48D1-9394-DF2097394A05}.Debug|Any CPU.ActiveCfg = Debug|Any CPU
		{505A46B3-146C-48D1-9394-DF2097394A05}.Debug|Any CPU.Build.0 = Debug|Any CPU
		{505A46B3-146C-48D1-9394-DF2097394A05}.Release|Any CPU.ActiveCfg = Release|Any CPU
		{505A46B3-146C-48D1-9394-DF2097394A05}.Release|Any CPU.Build.0 = Release|Any CPU
	EndGlobalSection
	GlobalSection(SolutionProperties) = preSolution
		HideSolutionNode = FALSE
	EndGlobalSection
	GlobalSection(ExtensibilityGlobals) = postSolution
		SolutionGuid = {62ACD9B9-482C-4D33-8B92-10CF044FE455}
	EndGlobalSection
EndGlobal
